
Microsoft Visual Studio Solution File, Format Version 12.00
# Visual Studio Version 17
VisualStudioVersion = 17.4.33213.308
MinimumVisualStudioVersion = 10.0.40219.1
Project("{9A19103F-16F7-4668-BE54-9A1E7A4F7556}") = "TIPMC_WebApp_Vesperr", "TIPMC_WebApp_Vesperr\TIPMC_WebApp_Vesperr.csproj", "{EBBE7009-111D-47AD-AC40-5EA1625B3781}"
EndProject
Global
	GlobalSection(SolutionConfigurationPlatforms) = preSolution
		Debug|Any CPU = Debug|Any CPU
		Release|Any CPU = Release|Any CPU
	EndGlobalSection
	GlobalSection(ProjectConfigurationPlatforms) = postSolution
		{EBBE7009-111D-47AD-AC40-5EA1625B3781}.Debug|Any CPU.ActiveCfg = Debug|Any CPU
		{EBBE7009-111D-47AD-AC40-5EA1625B3781}.Debug|Any CPU.Build.0 = Debug|Any CPU
		{EBBE7009-111D-47AD-AC40-5EA1625B3781}.Release|Any CPU.ActiveCfg = Release|Any CPU
		{EBBE7009-111D-47AD-AC40-5EA1625B3781}.Release|Any CPU.Build.0 = Release|Any CPU
	EndGlobalSection
	GlobalSection(SolutionProperties) = preSolution
		HideSolutionNode = FALSE
	EndGlobalSection
	GlobalSection(ExtensibilityGlobals) = postSolution
		SolutionGuid = {786146AA-B449-42A8-A4C7-48D8C3C47E8D}
	EndGlobalSection
EndGlobal
